
Microsoft Visual Studio Solution File, Format Version 12.00
# Visual Studio 15
VisualStudioVersion = 15.0.28307.102
MinimumVisualStudioVersion = 10.0.40219.1
Project("{FAE04EC0-301F-11D3-BF4B-00C04F79EFBC}") = "OneToMany", "OneToMany\OneToMany.csproj", "{F481AF93-E542-4C64-B9C5-880520DE24F7}"
EndProject
Global
	GlobalSection(SolutionConfigurationPlatforms) = preSolution
		Debug|Any CPU = Debug|Any CPU
		Release|Any CPU = Release|Any CPU
	EndGlobalSection
	GlobalSection(ProjectConfigurationPlatforms) = postSolution
		{F481AF93-E542-4C64-B9C5-880520DE24F7}.Debug|Any CPU.ActiveCfg = Debug|Any CPU
		{F481AF93-E542-4C64-B9C5-880520DE24F7}.Debug|Any CPU.Build.0 = Debug|Any CPU
		{F481AF93-E542-4C64-B9C5-880520DE24F7}.Release|Any CPU.ActiveCfg = Release|Any CPU
		{F481AF93-E542-4C64-B9C5-880520DE24F7}.Release|Any CPU.Build.0 = Release|Any CPU
	EndGlobalSection
	GlobalSection(SolutionProperties) = preSolution
		HideSolutionNode = FALSE
	EndGlobalSection
	GlobalSection(ExtensibilityGlobals) = postSolution
		SolutionGuid = {46627239-1824-4128-832C-4C8F589E7078}
	EndGlobalSection
EndGlobal
